
Microsoft Visual Studio Solution File, Format Version 12.00
# Visual Studio Version 17
VisualStudioVersion = 17.4.33205.214
MinimumVisualStudioVersion = 10.0.40219.1
Project("{FAE04EC0-301F-11D3-BF4B-00C04F79EFBC}") = "myfinance-web-dotnet", "myfinance-web-dotnet\myfinance-web-dotnet.csproj", "{9F11AD6A-6D55-413A-91DB-79A49A7BA70E}"
EndProject
Global
	GlobalSection(SolutionConfigurationPlatforms) = preSolution
		Debug|Any CPU = Debug|Any CPU
		Release|Any CPU = Release|Any CPU
	EndGlobalSection
	GlobalSection(ProjectConfigurationPlatforms) = postSolution
		{9F11AD6A-6D55-413A-91DB-79A49A7BA70E}.Debug|Any CPU.ActiveCfg = Debug|Any CPU
		{9F11AD6A-6D55-413A-91DB-79A49A7BA70E}.Debug|Any CPU.Build.0 = Debug|Any CPU
		{9F11AD6A-6D55-413A-91DB-79A49A7BA70E}.Release|Any CPU.ActiveCfg = Release|Any CPU
		{9F11AD6A-6D55-413A-91DB-79A49A7BA70E}.Release|Any CPU.Build.0 = Release|Any CPU
	EndGlobalSection
	GlobalSection(SolutionProperties) = preSolution
		HideSolutionNode = FALSE
	EndGlobalSection
	GlobalSection(ExtensibilityGlobals) = postSolution
		SolutionGuid = {321DF06D-211A-4B5B-B940-29E445DD0F87}
	EndGlobalSection
EndGlobal
